github.com/OneOfOne/xxhash v1.2.7 h1:fzrmmkskv067ZQbd9wERNGuxckWw67dyzoMG62p7LMo=
github.com/OneOfOne/xxhash v1.2.7/go.mod h1:eZbhyaAYD41SGSSsnmcpxVoRiQ/MPUTjUdIIOT9Um7Q=
github.com/cornelk/hashmap v1.0.1/go.mod h1:8wbysTUDnwJGrPZ1Iwsou3m+An6sldFrJItjRhfegCw=
github.com/davecgh/go-spew v1.1.0 h1:ZDRjVQ15GmhC3fiQ8ni8+OwkZQO4DARzQgrnXU1Liz8=
github.com/davecgh/go-spew v1.1.0/go.mod h1:J7Y8YcW2NihsgmVo/mv3lAwl/skON4iLHjSsI+c5H38=
github.com/dchest/siphash v1.1.0/go.mod h1:q+IRvb2gOSrUnYoPqHiyHXS0FOBBOdl6tONBlVnOnt4=
github.com/pmezard/go-difflib v1.0.0 h1:4DBwDE0NGyQoBHbLQYPwSUPoCMWR5BEzIk/f1lZbAQM=
github.com/pmezard/go-difflib v1.0.0/go.mod h1:iKH77koFhYxTK1pcRnkKkqfTogsbg7gZNVY4sRDYZ/4=
github.com/stretchr/objx v0.1.0/go.mod h1:HFkY916IF+rwdDfMAkV7OtwuqBVzrE8GR6GFx+wExME=
github.com/stretchr/testify v1.7.0 h1:nwc3DEeHmmLAfoZucVR881uASk0Mfjw8xYJ99tb5CcY=
github.com/stretchr/testify v1.7.0/go.mod h1:6Fq8oRcR53rry900zMqJjRRixrwX3KX962/h/Wwjteg=
github.com/trafficstars/metrics v0.0.0-20200814135838-ec71779fd01d h1:oaNysRM5GBBg4f6Xkv/WOlwRtGX3FDVewFO6qSa3SRE=
github.com/trafficstars/metrics v0.0.0-20200814135838-ec71779fd01d/go.mod h1:HHFbOLT4Kf5raCtxlL8s5cDvsJC9knlxD1EL2B8pjGw=
github.com/xaionaro-go/atomicmap v0.0.0-20200307233044-c040bc137895 h1:PFzS0ykP4VVJmqv94Khyp6U5QavIdcrQZw9E13G+Go8=
github.com/xaionaro-go/atomicmap v0.0.0-20200307233044-c040bc137895/go.mod h1:WgfDl7x9++CVnKSu63ThFhBF3nvgj60Ft1nCgrOSgWM=
github.com/xaionaro-go/spinlock v0.0.0-20190309154744-55278e21e817 h1:0ikx4JlTx9uNiHGGC4o0k93GhcWOtONYdhk2H8RUnZU=
github.com/xaionaro-go/spinlock v0.0.0-20190309154744-55278e21e817/go.mod h1:Nb/15eS0BMty6TMuWgRQM8WCDIUlyPZagcpchHT6c9Y=
gopkg.in/check.v1 v0.0.0-20161208181325-20d25e280405 h1:yhCVgyC4o1eVCa2tZl7eS0r+SDo693bJlVdllGtEeKM=
gopkg.in/check.v1 v0.0.0-20161208181325-20d25e280405/go.mod h1:Co6ibVJAznAaIkqp8huTwlJQCZ016jof/cbN4VW5Yz0=
gopkg.in/yaml.v3 v3.0.0-20200313102051-9f266ea9e77c h1:dUUwHk2QECo/6vqA44rthZ8ie2QXMNeKRTHCNY2nXvo=
gopkg.in/yaml.v3 v3.0.0-20200313102051-9f266ea9e77c/go.mod h1:K4uyk7z7BCEPqu6E+C64Yfv1cQ7kz7rIZviUmN+EgEM=
